
Microsoft Visual Studio Solution File, Format Version 12.00
# Visual Studio 15
VisualStudioVersion = 15.0.28307.705
MinimumVisualStudioVersion = 10.0.40219.1
Project("{9A19103F-16F7-4668-BE54-9A1E7A4F7556}") = "AngularDotNet4Prod", "AngularDotNet4Prod.csproj", "{7AAA052D-C178-4F7A-A0C0-617917E58D88}"
EndProject
Global
	GlobalSection(SolutionConfigurationPlatforms) = preSolution
		Debug|Any CPU = Debug|Any CPU
		Release|Any CPU = Release|Any CPU
	EndGlobalSection
	GlobalSection(ProjectConfigurationPlatforms) = postSolution
		{7AAA052D-C178-4F7A-A0C0-617917E58D88}.Debug|Any CPU.ActiveCfg = Debug|Any CPU
		{7AAA052D-C178-4F7A-A0C0-617917E58D88}.Debug|Any CPU.Build.0 = Debug|Any CPU
		{7AAA052D-C178-4F7A-A0C0-617917E58D88}.Release|Any CPU.ActiveCfg = Release|Any CPU
		{7AAA052D-C178-4F7A-A0C0-617917E58D88}.Release|Any CPU.Build.0 = Release|Any CPU
	EndGlobalSection
	GlobalSection(SolutionProperties) = preSolution
		HideSolutionNode = FALSE
	EndGlobalSection
	GlobalSection(ExtensibilityGlobals) = postSolution
		SolutionGuid = {2D1B834F-ABD1-4FAC-AA94-93E93554B467}
	EndGlobalSection
EndGlobal
